
Microsoft Visual Studio Solution File, Format Version 12.00
# Visual Studio 15
VisualStudioVersion = 15.0.27703.2042
MinimumVisualStudioVersion = 10.0.40219.1
Project("{FAE04EC0-301F-11D3-BF4B-00C04F79EFBC}") = "wyrazenia algebraiczne 2", "wyrazenia algebraiczne 2\wyrazenia algebraiczne 2.csproj", "{4BCB2CF6-E2BC-4489-91D5-F20FE20B0718}"
EndProject
Global
	GlobalSection(SolutionConfigurationPlatforms) = preSolution
		Debug|Any CPU = Debug|Any CPU
		Release|Any CPU = Release|Any CPU
	EndGlobalSection
	GlobalSection(ProjectConfigurationPlatforms) = postSolution
		{4BCB2CF6-E2BC-4489-91D5-F20FE20B0718}.Debug|Any CPU.ActiveCfg = Debug|Any CPU
		{4BCB2CF6-E2BC-4489-91D5-F20FE20B0718}.Debug|Any CPU.Build.0 = Debug|Any CPU
		{4BCB2CF6-E2BC-4489-91D5-F20FE20B0718}.Release|Any CPU.ActiveCfg = Release|Any CPU
		{4BCB2CF6-E2BC-4489-91D5-F20FE20B0718}.Release|Any CPU.Build.0 = Release|Any CPU
	EndGlobalSection
	GlobalSection(SolutionProperties) = preSolution
		HideSolutionNode = FALSE
	EndGlobalSection
	GlobalSection(ExtensibilityGlobals) = postSolution
		SolutionGuid = {0FEEFEA7-7BDA-41F3-84D4-4AF7399F9750}
	EndGlobalSection
EndGlobal
