
Microsoft Visual Studio Solution File, Format Version 12.00
# Visual Studio 15
VisualStudioVersion = 15.0.27703.2042
MinimumVisualStudioVersion = 10.0.40219.1
Project("{FAE04EC0-301F-11D3-BF4B-00C04F79EFBC}") = "03-04-funkcje -matematyczne .mp4", "03-04-funkcje -matematyczne .mp4\03-04-funkcje -matematyczne .mp4.csproj", "{ED59B91D-89DA-495C-A19A-4E9257936575}"
EndProject
Global
	GlobalSection(SolutionConfigurationPlatforms) = preSolution
		Debug|Any CPU = Debug|Any CPU
		Release|Any CPU = Release|Any CPU
	EndGlobalSection
	GlobalSection(ProjectConfigurationPlatforms) = postSolution
		{ED59B91D-89DA-495C-A19A-4E9257936575}.Debug|Any CPU.ActiveCfg = Debug|Any CPU
		{ED59B91D-89DA-495C-A19A-4E9257936575}.Debug|Any CPU.Build.0 = Debug|Any CPU
		{ED59B91D-89DA-495C-A19A-4E9257936575}.Release|Any CPU.ActiveCfg = Release|Any CPU
		{ED59B91D-89DA-495C-A19A-4E9257936575}.Release|Any CPU.Build.0 = Release|Any CPU
	EndGlobalSection
	GlobalSection(SolutionProperties) = preSolution
		HideSolutionNode = FALSE
	EndGlobalSection
	GlobalSection(ExtensibilityGlobals) = postSolution
		SolutionGuid = {DBC4ED00-B732-4329-9DE1-9F7D4726040F}
	EndGlobalSection
EndGlobal
