
Microsoft Visual Studio Solution File, Format Version 12.00
# Visual Studio 15
VisualStudioVersion = 15.0.27703.2042
MinimumVisualStudioVersion = 10.0.40219.1
Project("{FAE04EC0-301F-11D3-BF4B-00C04F79EFBC}") = "ogrodnictwo ilosc drzewek do obsadzenia", "ogrodnictwo ilosc drzewek do obsadzenia\ogrodnictwo ilosc drzewek do obsadzenia.csproj", "{C4AB8867-71F0-44B9-9B43-73E823ED89BA}"
EndProject
Global
	GlobalSection(SolutionConfigurationPlatforms) = preSolution
		Debug|Any CPU = Debug|Any CPU
		Release|Any CPU = Release|Any CPU
	EndGlobalSection
	GlobalSection(ProjectConfigurationPlatforms) = postSolution
		{C4AB8867-71F0-44B9-9B43-73E823ED89BA}.Debug|Any CPU.ActiveCfg = Debug|Any CPU
		{C4AB8867-71F0-44B9-9B43-73E823ED89BA}.Debug|Any CPU.Build.0 = Debug|Any CPU
		{C4AB8867-71F0-44B9-9B43-73E823ED89BA}.Release|Any CPU.ActiveCfg = Release|Any CPU
		{C4AB8867-71F0-44B9-9B43-73E823ED89BA}.Release|Any CPU.Build.0 = Release|Any CPU
	EndGlobalSection
	GlobalSection(SolutionProperties) = preSolution
		HideSolutionNode = FALSE
	EndGlobalSection
	GlobalSection(ExtensibilityGlobals) = postSolution
		SolutionGuid = {6BBB5F0D-52E0-4E51-B999-A8C3CFC2505D}
	EndGlobalSection
EndGlobal
