
Microsoft Visual Studio Solution File, Format Version 12.00
# Visual Studio 15
VisualStudioVersion = 15.0.27703.2042
MinimumVisualStudioVersion = 10.0.40219.1
Project("{FAE04EC0-301F-11D3-BF4B-00C04F79EFBC}") = "04-01-operatoey-koniunkcji", "04-01-operatoey-koniunkcji\04-01-operatoey-koniunkcji.csproj", "{5439F17A-9D51-4FF5-A8E4-B3E21B2A7941}"
EndProject
Global
	GlobalSection(SolutionConfigurationPlatforms) = preSolution
		Debug|Any CPU = Debug|Any CPU
		Release|Any CPU = Release|Any CPU
	EndGlobalSection
	GlobalSection(ProjectConfigurationPlatforms) = postSolution
		{5439F17A-9D51-4FF5-A8E4-B3E21B2A7941}.Debug|Any CPU.ActiveCfg = Debug|Any CPU
		{5439F17A-9D51-4FF5-A8E4-B3E21B2A7941}.Debug|Any CPU.Build.0 = Debug|Any CPU
		{5439F17A-9D51-4FF5-A8E4-B3E21B2A7941}.Release|Any CPU.ActiveCfg = Release|Any CPU
		{5439F17A-9D51-4FF5-A8E4-B3E21B2A7941}.Release|Any CPU.Build.0 = Release|Any CPU
	EndGlobalSection
	GlobalSection(SolutionProperties) = preSolution
		HideSolutionNode = FALSE
	EndGlobalSection
	GlobalSection(ExtensibilityGlobals) = postSolution
		SolutionGuid = {0AC89BC8-8242-4950-AC65-87EDEE74BADE}
	EndGlobalSection
EndGlobal
